github.com/anmitsu/go-shlex v0.0.0-20161002113705-648efa622239 h1:kFOfPq6dUM1hTo4JG6LR5AXSUEsOjtdm0kw0FtQtMJA=
github.com/anmitsu/go-shlex v0.0.0-20161002113705-648efa622239/go.mod h1:2FmKhYUyUczH0OGQWaF5ceTx0UBShxjsH6f8oGKYe2c=
github.com/cavaliercoder/grab v1.0.0 h1:H6VQ1NiLO7AvXM6ZyaInnoZrRLeo2FoUTQEcXln4bvQ=
github.com/cavaliercoder/grab v1.0.0/go.mod h1:tTBkfNqSBfuMmMBFaO2phgyhdYhiZQ/+iXCZDzcDsMI=
github.com/d2g/dhcp4 v0.0.0-20170904100407-a1d1b6c41b1c h1:Xo2rK1pzOm0jO6abTPIQwbAmqBIOj132otexc1mmzFc=
github.com/d2g/dhcp4 v0.0.0-20170904100407-a1d1b6c41b1c/go.mod h1:Ct2BUK8SB0YC1SMSibvLzxjeJLnrYEVLULFNiHY9YfQ=
github.com/d2g/dhcp4client v0.0.0-20180622102533-b7a004ff1a09 h1:NKi6yc17MdjvVTKbAr2PzspCnuw+8hyBB7vVJyl4J9k=
github.com/d2g/dhcp4client v0.0.0-20180622102533-b7a004ff1a09/go.mod h1:j0hNfjhrt2SxUOw55nL0ATM/z4Yt3t2Kd1mW34z5W5s=
github.com/djherbis/times v1.2.0 h1:xANXjsC/iBqbO00vkWlYwPWgBgEVU6m6AFYg0Pic+Mc=
github.com/djherbis/times v1.2.0/go.mod h1:CGMZlo255K5r4Yw0b9RRfFQpM2y7uOmxg4jm9HsaVf8=
github.com/flynn/go-shlex v0.0.0-20150515145356-3f9db97f8568 h1:BHsljHzVlRcyQhjrss6TZTdY2VfCqZPbv5k3iBFa2ZQ=
github.com/flynn/go-shlex v0.0.0-20150515145356-3f9db97f8568/go.mod h1:xEzjJPgXI435gkrCt3MPfRiAkVrwSbHsst4LCFVfpJc=
github.com/garyburd/redigo v1.6.0 h1:0VruCpn7yAIIu7pWVClQC8wxCJEcG3nyzpMSHKi1PQc=
github.com/garyburd/redigo v1.6.0/go.mod h1:NR3MbYisc3/PwhQ00EMzDiPmrwpPxAn5GI05/YaO1SY=
github.com/gliderlabs/ssh v0.1.3 h1:cBU46h1lYQk5f2Z+jZbewFKy+1zzE2aUX/ilcPDAm9M=
github.com/gliderlabs/ssh v0.1.3/go.mod h1:U7qILu1NlMHj9FlMhZLlkCdDnU1DBEAqr0aevW3Awn0=
github.com/jpillora/backoff v0.0.0-20180909062703-3050d21c67d7 h1:K//n/AqR5HjG3qxbrBCL4vJPW0MVFSs9CPK1OOJdRME=
github.com/jpillora/backoff v0.0.0-20180909062703-3050d21c67d7/go.mod h1:2iMrUgbbvHEiQClaW2NsSzMyGHqN+rDFqY705q49KG0=
github.com/kr/pty v1.1.3 h1:/Um6a/ZmD5tF7peoOJ5oN5KMQ0DrGVQSXLNwyckutPk=
github.com/kr/pty v1.1.3/go.mod h1:pFQYn66WHrOpPYNljwOMqo10TkYh1fy3cYio2l3bCsQ=
github.com/mattn/go-isatty v0.0.4 h1:bnP0vzxcAdeI1zdubAl5PjU6zsERjGZb7raWodagDYs=
github.com/mattn/go-isatty v0.0.4/go.mod h1:M+lRXTBqGeGNdLjl/ufCoiOlB5xdOkqRJdNxMWT7Zi4=
github.com/paypal/gatt v0.0.0-20151011220935-4ae819d591cf h1:RHRtrMle1AlWsMdCoIQIbq7IB2y8/5qEsUoAzjCCSCw=
github.com/paypal/gatt v0.0.0-20151011220935-4ae819d591cf/go.mod h1:+AwQL2mK3Pd3S+TUwg0tYQjid0q1txyNUJuuSmz8Kdk=
github.com/platinasystems/accumulate v0.0.0-20181019183040-63617d15f799 h1:HpgzjOFv5du0h9udWjDgx4t/4KszyyJByKAkIvjl4qw=
github.com/platinasystems/accumulate v0.0.0-20181019183040-63617d15f799/go.mod h1:lc7wpU1G++0lunURQyH853Y77bwWr0hXPiLLeaxjGIY=
github.com/platinasystems/atsock v0.0.0-20181019220955-c4cc7ae24dbf h1:ChH/cr79NDkkmHtco+2TC3YT2aBUXV+Kf6SFjSRMycQ=
github.com/platinasystems/atsock v0.0.0-20181019220955-c4cc7ae24dbf/go.mod h1:1XAb4yaMVNH9PDa7Q4sZmDqHoHSrzUfnGImUuSMpx5U=
github.com/platinasystems/atsock v1.1.0 h1:+h8ismKClv31tIEOTZQhBMdDJALQhF3vDKjK2Y8H7mU=
github.com/platinasystems/atsock v1.1.0/go.mod h1:1XAb4yaMVNH9PDa7Q4sZmDqHoHSrzUfnGImUuSMpx5U=
github.com/platinasystems/eeprom v1.0.0 h1:k/uFuOnWaO0uycBq+qiS6IT5ZUA8utj3ChRPp6q1vkU=
github.com/platinasystems/eeprom v1.0.0/go.mod h1:J5rWlxG4HFDqq5o1KE4n942Se7BwXDADl6H+r9OfX1I=
github.com/platinasystems/fdt v0.0.0-20181004054827-3416b99a7d82 h1:8oJRu+rE44Ch++W09gJNzvKeR+xlt5d341anN9mwdvw=
github.com/platinasystems/fdt v0.0.0-20181004054827-3416b99a7d82/go.mod h1:WM0Ssx33gkNWXu07exXBEh0E4VXtPXpYulmmkZHK2qM=
github.com/platinasystems/flags v1.0.0 h1:M+WtvQjx+ta36d908PDVUvamKnJR2ZXYkUx7OM+lhcg=
github.com/platinasystems/flags v1.0.0/go.mod h1:3t8RybiABfJKBne5suYmfXoKOAK6bnMqr++fqaQ2V9M=
github.com/platinasystems/go-redis-server v0.0.0-20181030193423-fcb8fa742b73 h1:8DVy1rcSWTnJt248DAD0JzeASS3j8Ljg+rCoKPHW5Qo=
github.com/platinasystems/go-redis-server v0.0.0-20181030193423-fcb8fa742b73/go.mod h1:/GXF5FQty+9BTtfCsfFuD4/pHf/b2cN3f3Ic0nLagQw=
github.com/platinasystems/gpio v0.0.0-20181120172958-aa9a44e83566 h1:K+WxE4dE01A4ZagXVNHd81J6PBubuP7r/2nNzqhkRTs=
github.com/platinasystems/gpio v0.0.0-20181120172958-aa9a44e83566/go.mod h1:UsR1pB6U/S7Ql6RDrF/S6rMJqWOiZu3H2mKQeEe4v7U=
github.com/platinasystems/i2c v1.2.0 h1:H1BgNrz4s15AcR6Y4WxZS+eMgX00pu8ZoLfVHb5VoIw=
github.com/platinasystems/i2c v1.2.0/go.mod h1:Yj5hRxt+HXbW1rXv9aTtxUNZsegDjeWerUPY5BIjDVM=
github.com/platinasystems/ldp v0.0.2/go.mod h1:5FioI0SgC7RQZOtJRvnXqrInH0D4U2Pn/6M2rT+5Tj0=
github.com/platinasystems/liner v0.0.0-20170801164932-8dd8fbd0e16d h1:jVkqqhZKx8eAb94QYDajS9KOh5B/rOAx34H7DDZGrEo=
github.com/platinasystems/liner v0.0.0-20170801164932-8dd8fbd0e16d/go.mod h1:5N7zNCEtHP1s5kK6pVgaFwtzEleCreRubeHBnE4rGso=
github.com/platinasystems/log v1.2.1 h1:a43xeRp+KouaPlVTfOdeI2vNj755PBf8ovKEAMT8o5w=
github.com/platinasystems/log v1.2.1/go.mod h1:5Wjp9vxMfkZGWz2Ep3ghzsfarcs9MMfiE2RzKwseyKQ=
github.com/platinasystems/loopback v0.0.2/go.mod h1:L363iEtOA7dYJkxGa0b81/0hiSY34/H084Kben/DDRA=
github.com/platinasystems/memio v0.0.0-20181109233200-08a432045d57 h1:aXCGfZLnvW0ffPXgYB4yJumQGDvq2z8e8vxlVnGVdy8=
github.com/platinasystems/memio v0.0.0-20181109233200-08a432045d57/go.mod h1:5432a+C/LwmCPg543MFUCCzgTaEpAURrTC01os0/8k8=
github.com/platinasystems/parms v1.0.0 h1:pLTnredJUqeet4KoylUe+VVkX/geFORdstHLdZgwSmo=
github.com/platinasystems/parms v1.0.0/go.mod h1:PBi8SO7fo+s+qLsAHH3QAqAPzO2dLHWca/DM+2vKPn0=
github.com/platinasystems/redis v1.2.0 h1:Pyoc4Jkl/CfQn44XxpBB4ND4ciU4T9cSfp3xmCaJG+A=
github.com/platinasystems/redis v1.2.0/go.mod h1:lyuhkHpfn6y21/nMn7H6pbBuPk1D8pflwsatn4OIl8M=
github.com/platinasystems/tftp v1.0.0 h1:wUv+nFUwntLddYGa3Y5Zr3TUQ4rtQXGebG0ZOutVyIw=
github.com/platinasystems/tftp v1.0.0/go.mod h1:RUhAd8ADNPAQmoiSbjo4aDFAOBjz7kC1FkDAmuEd9J0=
github.com/platinasystems/ubi v0.0.1 h1:2aqE8yy1ROmX2YM2mdao6Ukh6bpsul5OVzYU+uQZRv8=
github.com/platinasystems/ubi v0.0.1/go.mod h1:CaWlufzEkyJ+hYSyu8/8pwY+9JYZZh8/1XRyfTU8EuU=
github.com/platinasystems/url v1.0.0 h1:T2GuEIydvkZCpbU4DlTVyRdYoM5gn9MQNRGOObDg574=
github.com/platinasystems/url v1.0.0/go.mod h1:tjHiLHUR+Jasu091bzwk/SAHkgEuO8ohYmi4XTszV2Y=
github.com/ramr/go-reaper v0.0.0-20170814234526-35f6a64e44ff h1:kXSTJRId8WwwqEfN0iQtzQu+jof2jTguzP2y12ULXvc=
github.com/ramr/go-reaper v0.0.0-20170814234526-35f6a64e44ff/go.mod h1:DFg2AhfQCvkJwRKUfsycOSSZELGBA9gt46ne3SOecJM=
github.com/satori/go.uuid v1.2.0 h1:0uYX9dsZ2yD7q2RtLRtPSdGDWzjeM3TbMJP9utgA0ww=
github.com/satori/go.uuid v1.2.0/go.mod h1:dA0hQrYB0VpLJoorglMZABFdXlWrHn1NEOzdhQKdks0=
github.com/tatsushid/go-fastping v0.0.0-20160109021039-d7bb493dee3e h1:nt2877sKfojlHCTOBXbpWjBkuWKritFaGIfgQwbQUls=
github.com/tatsushid/go-fastping v0.0.0-20160109021039-d7bb493dee3e/go.mod h1:B4+Kq1u5FlULTjFSM707Q6e/cOHFv0z/6QRoxubDIQ8=
golang.org/x/crypto v0.0.0-20190417174047-f416ebab96af h1:6qGQw30u837TXZbCmLFR9AVA+RjJU1LIbvk0oIkDZGY=
golang.org/x/crypto v0.0.0-20190417174047-f416ebab96af/go.mod h1:WFFai1msRO1wXaEeE5yQxYXgSfI8pQAWXbQop6sCtWE=
golang.org/x/net v0.0.0-20181108082009-03003ca0c849 h1:FSqE2GGG7wzsYUsWiQ8MZrvEd1EOyU3NCF0AW3Wtltg=
golang.org/x/net v0.0.0-20181108082009-03003ca0c849/go.mod h1:mL1N/T3taQHkDXs73rZJwtUhF3w3ftmwwsq0BUmARs4=
golang.org/x/sys v0.0.0-20190403152447-81d4e9dc473e h1:nFYrTHrdrAOpShe27kaFHjsqYSEQ0KWqdWLu3xuZJts=
golang.org/x/sys v0.0.0-20190403152447-81d4e9dc473e/go.mod h1:h1NjWce9XRLGQEsW7wpKNCjG9DtNlClVuFLEZdDNbEs=
gopkg.in/check.v1 v0.0.0-20161208181325-20d25e280405 h1:yhCVgyC4o1eVCa2tZl7eS0r+SDo693bJlVdllGtEeKM=
gopkg.in/check.v1 v0.0.0-20161208181325-20d25e280405/go.mod h1:Co6ibVJAznAaIkqp8huTwlJQCZ016jof/cbN4VW5Yz0=
