github.com/anmitsu/go-shlex v0.0.0-20161002113705-648efa622239 h1:kFOfPq6dUM1hTo4JG6LR5AXSUEsOjtdm0kw0FtQtMJA=
github.com/anmitsu/go-shlex v0.0.0-20161002113705-648efa622239/go.mod h1:2FmKhYUyUczH0OGQWaF5ceTx0UBShxjsH6f8oGKYe2c=
github.com/cavaliercoder/grab v1.0.0 h1:H6VQ1NiLO7AvXM6ZyaInnoZrRLeo2FoUTQEcXln4bvQ=
github.com/cavaliercoder/grab v1.0.0/go.mod h1:tTBkfNqSBfuMmMBFaO2phgyhdYhiZQ/+iXCZDzcDsMI=
github.com/d2g/dhcp4 v0.0.0-20170904100407-a1d1b6c41b1c h1:Xo2rK1pzOm0jO6abTPIQwbAmqBIOj132otexc1mmzFc=
github.com/d2g/dhcp4 v0.0.0-20170904100407-a1d1b6c41b1c/go.mod h1:Ct2BUK8SB0YC1SMSibvLzxjeJLnrYEVLULFNiHY9YfQ=
github.com/d2g/dhcp4client v0.0.0-20180622102533-b7a004ff1a09 h1:NKi6yc17MdjvVTKbAr2PzspCnuw+8hyBB7vVJyl4J9k=
github.com/d2g/dhcp4client v0.0.0-20180622102533-b7a004ff1a09/go.mod h1:j0hNfjhrt2SxUOw55nL0ATM/z4Yt3t2Kd1mW34z5W5s=
github.com/djherbis/times v1.2.0 h1:xANXjsC/iBqbO00vkWlYwPWgBgEVU6m6AFYg0Pic+Mc=
github.com/djherbis/times v1.2.0/go.mod h1:CGMZlo255K5r4Yw0b9RRfFQpM2y7uOmxg4jm9HsaVf8=
github.com/flynn/go-shlex v0.0.0-20150515145356-3f9db97f8568 h1:BHsljHzVlRcyQhjrss6TZTdY2VfCqZPbv5k3iBFa2ZQ=
github.com/flynn/go-shlex v0.0.0-20150515145356-3f9db97f8568/go.mod h1:xEzjJPgXI435gkrCt3MPfRiAkVrwSbHsst4LCFVfpJc=
github.com/garyburd/redigo v1.6.0 h1:0VruCpn7yAIIu7pWVClQC8wxCJEcG3nyzpMSHKi1PQc=
github.com/garyburd/redigo v1.6.0/go.mod h1:NR3MbYisc3/PwhQ00EMzDiPmrwpPxAn5GI05/YaO1SY=
github.com/gliderlabs/ssh v0.1.3 h1:cBU46h1lYQk5f2Z+jZbewFKy+1zzE2aUX/ilcPDAm9M=
github.com/gliderlabs/ssh v0.1.3/go.mod h1:U7qILu1NlMHj9FlMhZLlkCdDnU1DBEAqr0aevW3Awn0=
github.com/jpillora/backoff v0.0.0-20180909062703-3050d21c67d7 h1:K//n/AqR5HjG3qxbrBCL4vJPW0MVFSs9CPK1OOJdRME=
github.com/jpillora/backoff v0.0.0-20180909062703-3050d21c67d7/go.mod h1:2iMrUgbbvHEiQClaW2NsSzMyGHqN+rDFqY705q49KG0=
github.com/kr/pty v1.1.3 h1:/Um6a/ZmD5tF7peoOJ5oN5KMQ0DrGVQSXLNwyckutPk=
github.com/kr/pty v1.1.3/go.mod h1:pFQYn66WHrOpPYNljwOMqo10TkYh1fy3cYio2l3bCsQ=
github.com/mattn/go-isatty v0.0.4 h1:bnP0vzxcAdeI1zdubAl5PjU6zsERjGZb7raWodagDYs=
github.com/mattn/go-isatty v0.0.4/go.mod h1:M+lRXTBqGeGNdLjl/ufCoiOlB5xdOkqRJdNxMWT7Zi4=
github.com/paypal/gatt v0.0.0-20151011220935-4ae819d591cf h1:RHRtrMle1AlWsMdCoIQIbq7IB2y8/5qEsUoAzjCCSCw=
github.com/paypal/gatt v0.0.0-20151011220935-4ae819d591cf/go.mod h1:+AwQL2mK3Pd3S+TUwg0tYQjid0q1txyNUJuuSmz8Kdk=
github.com/pkg/term v0.0.0-20190109203006-aa71e9d9e942 h1:A7GG7zcGjl3jqAqGPmcNjd/D9hzL95SuoOQAaFNdLU0=
github.com/pkg/term v0.0.0-20190109203006-aa71e9d9e942/go.mod h1:eCbImbZ95eXtAUIbLAuAVnBnwf83mjf6QIVH8SHYwqQ=
github.com/platinasystems/fdt v1.0.1 h1:JwL/wuYhiU9zE43TTOhX0lsLIaj3Uf5zTf3undY/SkA=
github.com/platinasystems/fdt v1.0.1/go.mod h1:WSVWH9RpIVY1dEmMk2u6ewQceD2bfFdLVN68cSixbnY=
github.com/platinasystems/go-redis-server v0.0.0-20181030193423-fcb8fa742b73 h1:8DVy1rcSWTnJt248DAD0JzeASS3j8Ljg+rCoKPHW5Qo=
github.com/platinasystems/go-redis-server v0.0.0-20181030193423-fcb8fa742b73/go.mod h1:/GXF5FQty+9BTtfCsfFuD4/pHf/b2cN3f3Ic0nLagQw=
github.com/platinasystems/gpio v1.3.0 h1:qUgphUA7igZo6nfB7QQHamJwgKZqArF+EB6pWVcCXUE=
github.com/platinasystems/gpio v1.3.0/go.mod h1:UsR1pB6U/S7Ql6RDrF/S6rMJqWOiZu3H2mKQeEe4v7U=
github.com/platinasystems/i2c v1.2.0 h1:H1BgNrz4s15AcR6Y4WxZS+eMgX00pu8ZoLfVHb5VoIw=
github.com/platinasystems/i2c v1.2.0/go.mod h1:Yj5hRxt+HXbW1rXv9aTtxUNZsegDjeWerUPY5BIjDVM=
github.com/platinasystems/ioport v0.0.1 h1:YIrQV/oix3ENpzxi3Atw0UxW2JV21OhPR2VbJ6LUC3M=
github.com/platinasystems/ioport v0.0.1/go.mod h1:hfzDUTcaOvxYi0bwMY50WVOenxuO9GQu1k55K9nkXTg=
github.com/platinasystems/ldp v0.0.2 h1:pSqelqQiHOpIcNpgpNYRgV4BhVCUqTrrQSLHk7Lbhlw=
github.com/platinasystems/ldp v0.0.2/go.mod h1:5FioI0SgC7RQZOtJRvnXqrInH0D4U2Pn/6M2rT+5Tj0=
github.com/platinasystems/liner v0.0.0-20170801164932-8dd8fbd0e16d h1:jVkqqhZKx8eAb94QYDajS9KOh5B/rOAx34H7DDZGrEo=
github.com/platinasystems/liner v0.0.0-20170801164932-8dd8fbd0e16d/go.mod h1:5N7zNCEtHP1s5kK6pVgaFwtzEleCreRubeHBnE4rGso=
github.com/platinasystems/loopback v0.0.2 h1:iv7rWbJUx5YrB93/kPrMcbJ3qWZ+XZAszLD4yb73eSM=
github.com/platinasystems/loopback v0.0.2/go.mod h1:L363iEtOA7dYJkxGa0b81/0hiSY34/H084Kben/DDRA=
github.com/platinasystems/memio v0.0.0-20181109233200-08a432045d57 h1:aXCGfZLnvW0ffPXgYB4yJumQGDvq2z8e8vxlVnGVdy8=
github.com/platinasystems/memio v0.0.0-20181109233200-08a432045d57/go.mod h1:5432a+C/LwmCPg543MFUCCzgTaEpAURrTC01os0/8k8=
github.com/platinasystems/nvram v1.0.0 h1:gveKnSC0+1pC/7L+6MQNLZoHp92SFQVbfsqj9hgWhGM=
github.com/platinasystems/nvram v1.0.0/go.mod h1:00d+9njUcsmFqRNdpmpoY1m5YihPUrQ9mNr9K4BqoEA=
github.com/platinasystems/ssh_key_helper v0.0.1 h1:NCrgUq/hsfx6Dhv36WeT63JynLXgy6oFmDx/i1kpSD4=
github.com/platinasystems/ssh_key_helper v0.0.1/go.mod h1:3OvmQYpvUh+0PJeOrw3O5B/VLzZTbGmcrSLTF4ahSPs=
github.com/platinasystems/term v0.0.0-20190801203457-969603cfd238 h1:lpD7mMsB1KdXU0Ssy6A5LaMiT+MD68vs2Pw3ghrGhos=
github.com/platinasystems/term v0.0.0-20190801203457-969603cfd238/go.mod h1:8awCOsrbSi/myqRz5Y/05Du9KUz2asPVGFvGvMDrZXg=
github.com/platinasystems/tftp v1.0.0 h1:wUv+nFUwntLddYGa3Y5Zr3TUQ4rtQXGebG0ZOutVyIw=
github.com/platinasystems/tftp v1.0.0/go.mod h1:RUhAd8ADNPAQmoiSbjo4aDFAOBjz7kC1FkDAmuEd9J0=
github.com/platinasystems/ubi v0.0.2 h1:J9swZ9UM26RPhgcakacb1bozkEzEtkcoJ38KBA0VhxI=
github.com/platinasystems/ubi v0.0.2/go.mod h1:owxkur4yGan4QJryDtjAWr4fj/BDCXQ/x9KqID9T1y0=
github.com/platinasystems/url v1.1.1 h1:PDp2Li0lubd/Y82yrpWEQVdznaK1UbBmpT8YLR/NxKE=
github.com/platinasystems/url v1.1.1/go.mod h1:tjHiLHUR+Jasu091bzwk/SAHkgEuO8ohYmi4XTszV2Y=
github.com/ramr/go-reaper v0.0.0-20170814234526-35f6a64e44ff h1:kXSTJRId8WwwqEfN0iQtzQu+jof2jTguzP2y12ULXvc=
github.com/ramr/go-reaper v0.0.0-20170814234526-35f6a64e44ff/go.mod h1:DFg2AhfQCvkJwRKUfsycOSSZELGBA9gt46ne3SOecJM=
github.com/satori/go.uuid v1.2.0 h1:0uYX9dsZ2yD7q2RtLRtPSdGDWzjeM3TbMJP9utgA0ww=
github.com/satori/go.uuid v1.2.0/go.mod h1:dA0hQrYB0VpLJoorglMZABFdXlWrHn1NEOzdhQKdks0=
github.com/tatsushid/go-fastping v0.0.0-20160109021039-d7bb493dee3e h1:nt2877sKfojlHCTOBXbpWjBkuWKritFaGIfgQwbQUls=
github.com/tatsushid/go-fastping v0.0.0-20160109021039-d7bb493dee3e/go.mod h1:B4+Kq1u5FlULTjFSM707Q6e/cOHFv0z/6QRoxubDIQ8=
golang.org/x/crypto v0.0.0-20190308221718-c2843e01d9a2/go.mod h1:djNgcEr1/C05ACkg1iLfiJU5Ep61QUkGW8qpdssI0+w=
golang.org/x/crypto v0.0.0-20190701094942-4def268fd1a4 h1:HuIa8hRrWRSrqYzx1qI49NNxhdi2PrY7gxVSq1JjLDc=
golang.org/x/crypto v0.0.0-20190701094942-4def268fd1a4/go.mod h1:yigFU9vqHzYiE8UmvKecakEJjdnWj3jj499lnFckfCI=
golang.org/x/crypto v0.0.0-20191011191535-87dc89f01550 h1:ObdrDkeb4kJdCP557AjRjq69pTHfNouLtWZG7j9rPN8=
golang.org/x/crypto v0.0.0-20191011191535-87dc89f01550/go.mod h1:yigFU9vqHzYiE8UmvKecakEJjdnWj3jj499lnFckfCI=
golang.org/x/net v0.0.0-20190404232315-eb5bcb51f2a3 h1:0GoQqolDA55aaLxZyTzK/Y2ePZzZTUrRacwib7cNsYQ=
golang.org/x/net v0.0.0-20190404232315-eb5bcb51f2a3/go.mod h1:t9HGtf8HONx5eT2rtn7q6eTqICYqUVnKs3thJo3Qplg=
golang.org/x/net v0.0.0-20190620200207-3b0461eec859 h1:R/3boaszxrf1GEUWTVDzSKVwLmSJpwZ1yqXm8j0v2QI=
golang.org/x/net v0.0.0-20190620200207-3b0461eec859/go.mod h1:z5CRVTTTmAJ677TzLLGU+0bjPO0LkuOLi4/5GtJWs/s=
golang.org/x/sys v0.0.0-20190215142949-d0b11bdaac8a/go.mod h1:STP8DvDyc/dI5b8T5hshtkjS+E42TnysNCUPdjciGhY=
golang.org/x/sys v0.0.0-20190412213103-97732733099d h1:+R4KGOnez64A81RvjARKc4UT5/tI9ujCIVX+P5KiHuI=
golang.org/x/sys v0.0.0-20190412213103-97732733099d/go.mod h1:h1NjWce9XRLGQEsW7wpKNCjG9DtNlClVuFLEZdDNbEs=
golang.org/x/text v0.3.0 h1:g61tztE5qeGQ89tm6NTjjM9VPIm088od1l6aSorWRWg=
golang.org/x/text v0.3.0/go.mod h1:NqM8EUOU14njkJ3fqMW+pc6Ldnwhi/IjpwHt7yyuwOQ=
gopkg.in/check.v1 v0.0.0-20161208181325-20d25e280405 h1:yhCVgyC4o1eVCa2tZl7eS0r+SDo693bJlVdllGtEeKM=
gopkg.in/check.v1 v0.0.0-20161208181325-20d25e280405/go.mod h1:Co6ibVJAznAaIkqp8huTwlJQCZ016jof/cbN4VW5Yz0=
