github.com/Microsoft/go-winio v0.4.11 h1:zoIOcVf0xPN1tnMVbTtEdI+P8OofVk3NObnwOQ6nK2Q=
github.com/Microsoft/go-winio v0.4.11/go.mod h1:VhR8bwka0BXejwEJY73c50VrPtXAaKcyvVC4A4RozmA=
github.com/cavaliercoder/go-cpio v0.0.0-20180626203310-925f9528c45e h1:mep9E//vzfjmtYUVBAvRMIW5BKTL88nidNZc8RF2lhA=
github.com/cavaliercoder/go-cpio v0.0.0-20180626203310-925f9528c45e/go.mod h1:oDpT4efm8tSYHXV5tHSdRvBet/b/QzxZ+XyyPehvm3A=
github.com/cavaliercoder/grab v1.0.0 h1:H6VQ1NiLO7AvXM6ZyaInnoZrRLeo2FoUTQEcXln4bvQ=
github.com/cavaliercoder/grab v1.0.0/go.mod h1:tTBkfNqSBfuMmMBFaO2phgyhdYhiZQ/+iXCZDzcDsMI=
github.com/cavaliercoder/grab v2.0.0+incompatible h1:69hCgGwKXyyxPwxKVarrvzyH0i7JcTOqcHccLIGqHHw=
github.com/cavaliercoder/grab v2.0.0+incompatible/go.mod h1:tTBkfNqSBfuMmMBFaO2phgyhdYhiZQ/+iXCZDzcDsMI=
github.com/d2g/dhcp4 v0.0.0-20170904100407-a1d1b6c41b1c h1:Xo2rK1pzOm0jO6abTPIQwbAmqBIOj132otexc1mmzFc=
github.com/d2g/dhcp4 v0.0.0-20170904100407-a1d1b6c41b1c/go.mod h1:Ct2BUK8SB0YC1SMSibvLzxjeJLnrYEVLULFNiHY9YfQ=
github.com/d2g/dhcp4client v0.0.0-20180622102533-b7a004ff1a09 h1:NKi6yc17MdjvVTKbAr2PzspCnuw+8hyBB7vVJyl4J9k=
github.com/d2g/dhcp4client v0.0.0-20180622102533-b7a004ff1a09/go.mod h1:j0hNfjhrt2SxUOw55nL0ATM/z4Yt3t2Kd1mW34z5W5s=
github.com/davecgh/go-spew v1.1.1 h1:vj9j/u1bqnvCEfJOwUhtlOARqs3+rkHYY13jYWTU97c=
github.com/davecgh/go-spew v1.1.1/go.mod h1:J7Y8YcW2NihsgmVo/mv3lAwl/skON4iLHjSsI+c5H38=
github.com/garyburd/redigo v1.6.0 h1:0VruCpn7yAIIu7pWVClQC8wxCJEcG3nyzpMSHKi1PQc=
github.com/garyburd/redigo v1.6.0/go.mod h1:NR3MbYisc3/PwhQ00EMzDiPmrwpPxAn5GI05/YaO1SY=
github.com/gogo/protobuf v0.0.0-20170307180453-100ba4e88506/go.mod h1:r8qH/GZQm5c6nD/R0oafs1akxWv10x8SbQlK7atdtwQ=
github.com/gogo/protobuf v1.1.1 h1:72R+M5VuhED/KujmZVcIquuo8mBgX4oVda//DQb3PXo=
github.com/gogo/protobuf v1.1.1/go.mod h1:r8qH/GZQm5c6nD/R0oafs1akxWv10x8SbQlK7atdtwQ=
github.com/gotk3/gotk3 v0.0.0-20180905040958-020531a77b59 h1:YvHa8B/ciZ7YgbgvX8vT1OWt28rPqwfE8ykEa0uxto0=
github.com/gotk3/gotk3 v0.0.0-20180905040958-020531a77b59/go.mod h1:Eew3QBwAOBTrfFFDmsDE5wZWbcagBL1NUslj1GhRveo=
github.com/jpillora/backoff v0.0.0-20170918002102-8eab2debe79d h1:ix3WmphUvN0GDd0DO9MH0v6/5xTv+Xm1bPN+1UJn58k=
github.com/jpillora/backoff v0.0.0-20170918002102-8eab2debe79d/go.mod h1:2iMrUgbbvHEiQClaW2NsSzMyGHqN+rDFqY705q49KG0=
github.com/jpillora/backoff v0.0.0-20180909062703-3050d21c67d7 h1:K//n/AqR5HjG3qxbrBCL4vJPW0MVFSs9CPK1OOJdRME=
github.com/jpillora/backoff v0.0.0-20180909062703-3050d21c67d7/go.mod h1:2iMrUgbbvHEiQClaW2NsSzMyGHqN+rDFqY705q49KG0=
github.com/kr/pty v1.1.3 h1:/Um6a/ZmD5tF7peoOJ5oN5KMQ0DrGVQSXLNwyckutPk=
github.com/kr/pty v1.1.3/go.mod h1:pFQYn66WHrOpPYNljwOMqo10TkYh1fy3cYio2l3bCsQ=
github.com/mattn/go-isatty v0.0.4 h1:bnP0vzxcAdeI1zdubAl5PjU6zsERjGZb7raWodagDYs=
github.com/mattn/go-isatty v0.0.4/go.mod h1:M+lRXTBqGeGNdLjl/ufCoiOlB5xdOkqRJdNxMWT7Zi4=
github.com/platinasystems/accumulate v0.0.0-20181019183040-63617d15f799 h1:HpgzjOFv5du0h9udWjDgx4t/4KszyyJByKAkIvjl4qw=
github.com/platinasystems/accumulate v0.0.0-20181019183040-63617d15f799/go.mod h1:lc7wpU1G++0lunURQyH853Y77bwWr0hXPiLLeaxjGIY=
github.com/platinasystems/accumulate v1.1.0 h1:x5mCglhHNcUJqNSAMiL3PqfWDgdZZsJ0b9CUkChqaZY=
github.com/platinasystems/accumulate v1.1.0/go.mod h1:lc7wpU1G++0lunURQyH853Y77bwWr0hXPiLLeaxjGIY=
github.com/platinasystems/atsock v0.0.0-20181019220955-c4cc7ae24dbf h1:ChH/cr79NDkkmHtco+2TC3YT2aBUXV+Kf6SFjSRMycQ=
github.com/platinasystems/atsock v0.0.0-20181019220955-c4cc7ae24dbf/go.mod h1:1XAb4yaMVNH9PDa7Q4sZmDqHoHSrzUfnGImUuSMpx5U=
github.com/platinasystems/atsock v1.1.0 h1:+h8ismKClv31tIEOTZQhBMdDJALQhF3vDKjK2Y8H7mU=
github.com/platinasystems/atsock v1.1.0/go.mod h1:1XAb4yaMVNH9PDa7Q4sZmDqHoHSrzUfnGImUuSMpx5U=
github.com/platinasystems/dbg v0.0.0-20181005210558-dd78b3b550ae h1:UjIMAm5Gq4Tt2I9dWwGU/LqAyvgZMTHOlWJYDMh+2mM=
github.com/platinasystems/dbg v0.0.0-20181005210558-dd78b3b550ae/go.mod h1:sWVDySjmyMRdh9RgbbJORw6A+xIBdAmoqOXBarhswZY=
github.com/platinasystems/dbg v0.0.0-20181012183359-440db521da7f h1:OiGCDI3wT7DWE2JdDEZujcwbwS/ol6CuWL0tOdP9YPc=
github.com/platinasystems/dbg v0.0.0-20181012183359-440db521da7f/go.mod h1:sWVDySjmyMRdh9RgbbJORw6A+xIBdAmoqOXBarhswZY=
github.com/platinasystems/dbg v1.1.0/go.mod h1:sWVDySjmyMRdh9RgbbJORw6A+xIBdAmoqOXBarhswZY=
github.com/platinasystems/fdt v0.0.0-20181004054827-3416b99a7d82 h1:8oJRu+rE44Ch++W09gJNzvKeR+xlt5d341anN9mwdvw=
github.com/platinasystems/fdt v0.0.0-20181004054827-3416b99a7d82/go.mod h1:WM0Ssx33gkNWXu07exXBEh0E4VXtPXpYulmmkZHK2qM=
github.com/platinasystems/go-redis-server v0.0.0-20170607003434-2aae595273b8 h1:g/xRUhEichcPkHc9od8pSW5nnc/j58VrGS2GKs7YtAM=
github.com/platinasystems/go-redis-server v0.0.0-20170607003434-2aae595273b8/go.mod h1:/GXF5FQty+9BTtfCsfFuD4/pHf/b2cN3f3Ic0nLagQw=
github.com/platinasystems/go-redis-server v0.0.0-20181030193423-fcb8fa742b73 h1:8DVy1rcSWTnJt248DAD0JzeASS3j8Ljg+rCoKPHW5Qo=
github.com/platinasystems/go-redis-server v0.0.0-20181030193423-fcb8fa742b73/go.mod h1:/GXF5FQty+9BTtfCsfFuD4/pHf/b2cN3f3Ic0nLagQw=
github.com/platinasystems/gpio v0.0.0-20181120172958-aa9a44e83566 h1:K+WxE4dE01A4ZagXVNHd81J6PBubuP7r/2nNzqhkRTs=
github.com/platinasystems/gpio v0.0.0-20181120172958-aa9a44e83566/go.mod h1:UsR1pB6U/S7Ql6RDrF/S6rMJqWOiZu3H2mKQeEe4v7U=
github.com/platinasystems/i2c v0.0.0-20181019213407-8214913e67af h1:bHZ3RKuiaglPYzAqoGD2zheO9JIs4OA22CqdxZ6I/mQ=
github.com/platinasystems/i2c v0.0.0-20181019213407-8214913e67af/go.mod h1:Yj5hRxt+HXbW1rXv9aTtxUNZsegDjeWerUPY5BIjDVM=
github.com/platinasystems/i2c v1.1.0 h1:34ewZSwxMvtD5kYjJAhNtwmEsCFjiQt+o6OJ62Ni2ug=
github.com/platinasystems/i2c v1.1.0/go.mod h1:Yj5hRxt+HXbW1rXv9aTtxUNZsegDjeWerUPY5BIjDVM=
github.com/platinasystems/indent v0.0.0-20181019183348-8fe1000261d8 h1:EA/MDmNgqkt1/N4MTnUtGroseplxfNIMilTc39dghCA=
github.com/platinasystems/indent v0.0.0-20181019183348-8fe1000261d8/go.mod h1:D3GIC7ZG6jwJtpdkiCq8/xcrP/NXInOFFr5rJPos4hA=
github.com/platinasystems/indent v1.1.0/go.mod h1:D3GIC7ZG6jwJtpdkiCq8/xcrP/NXInOFFr5rJPos4hA=
github.com/platinasystems/liner v0.0.0-20170801164932-8dd8fbd0e16d h1:jVkqqhZKx8eAb94QYDajS9KOh5B/rOAx34H7DDZGrEo=
github.com/platinasystems/liner v0.0.0-20170801164932-8dd8fbd0e16d/go.mod h1:5N7zNCEtHP1s5kK6pVgaFwtzEleCreRubeHBnE4rGso=
github.com/platinasystems/log v0.0.0-20181019191631-6c3b2ed28252 h1:nE1v/LGhdYJ3JbnQgfTcQm2PSqrcQB2J6W0Pm+GS4ag=
github.com/platinasystems/log v0.0.0-20181019191631-6c3b2ed28252/go.mod h1:5Wjp9vxMfkZGWz2Ep3ghzsfarcs9MMfiE2RzKwseyKQ=
github.com/platinasystems/log v1.1.0 h1:hjWJskNV5QC36B+fz9rIyZjMztXZeRnOCypoSALlsm4=
github.com/platinasystems/log v1.1.0/go.mod h1:5Wjp9vxMfkZGWz2Ep3ghzsfarcs9MMfiE2RzKwseyKQ=
github.com/platinasystems/memio v0.0.0-20181109233200-08a432045d57 h1:aXCGfZLnvW0ffPXgYB4yJumQGDvq2z8e8vxlVnGVdy8=
github.com/platinasystems/memio v0.0.0-20181109233200-08a432045d57/go.mod h1:5432a+C/LwmCPg543MFUCCzgTaEpAURrTC01os0/8k8=
github.com/platinasystems/redis v0.0.0-20181019221245-e5d0abe14605 h1:iTZG/CdHZ2h5/Hahg9RjK5a7uKNsPKQK05wdvfsKqYo=
github.com/platinasystems/redis v0.0.0-20181019221245-e5d0abe14605/go.mod h1:lyuhkHpfn6y21/nMn7H6pbBuPk1D8pflwsatn4OIl8M=
github.com/platinasystems/redis v0.0.0-20181020013916-ac3cd389158e h1:YEO0Rq2UCdi7BcG36fQNwZdiIGIFgiTGuz5MfdvHPEc=
github.com/platinasystems/redis v0.0.0-20181020013916-ac3cd389158e/go.mod h1:lyuhkHpfn6y21/nMn7H6pbBuPk1D8pflwsatn4OIl8M=
github.com/platinasystems/redis v0.0.0-20181022172723-f27f88455530 h1:/nL4q0DfP9RCMWDp6KXaxe4F5T40pz67eMmXOpsbCwM=
github.com/platinasystems/redis v0.0.0-20181022172723-f27f88455530/go.mod h1:lyuhkHpfn6y21/nMn7H6pbBuPk1D8pflwsatn4OIl8M=
github.com/platinasystems/redis v0.0.0-20181022191644-500dfbc14adf h1:M2htnwwH6tDwdGjefIQUmE4mBu5SilMNVEZE1EEVYqA=
github.com/platinasystems/redis v0.0.0-20181022191644-500dfbc14adf/go.mod h1:lyuhkHpfn6y21/nMn7H6pbBuPk1D8pflwsatn4OIl8M=
github.com/platinasystems/redis v0.0.0-20181022194819-47dc1dbf4623 h1:i5BOdwsFo16Srld2T06G4G+zXngakusLxmpLHzomy1k=
github.com/platinasystems/redis v0.0.0-20181022194819-47dc1dbf4623/go.mod h1:lyuhkHpfn6y21/nMn7H6pbBuPk1D8pflwsatn4OIl8M=
github.com/platinasystems/redis v1.1.0 h1:LjQDzR4Y3oZ21a2k+JQjhw2SpdYXwhbJa80JjkLvzJc=
github.com/platinasystems/redis v1.1.0/go.mod h1:lyuhkHpfn6y21/nMn7H6pbBuPk1D8pflwsatn4OIl8M=
github.com/pmezard/go-difflib v1.0.0 h1:4DBwDE0NGyQoBHbLQYPwSUPoCMWR5BEzIk/f1lZbAQM=
github.com/pmezard/go-difflib v1.0.0/go.mod h1:iKH77koFhYxTK1pcRnkKkqfTogsbg7gZNVY4sRDYZ/4=
github.com/ramr/go-reaper v0.0.0-20170814234526-35f6a64e44ff h1:kXSTJRId8WwwqEfN0iQtzQu+jof2jTguzP2y12ULXvc=
github.com/ramr/go-reaper v0.0.0-20170814234526-35f6a64e44ff/go.mod h1:DFg2AhfQCvkJwRKUfsycOSSZELGBA9gt46ne3SOecJM=
github.com/satori/go.uuid v1.2.0 h1:0uYX9dsZ2yD7q2RtLRtPSdGDWzjeM3TbMJP9utgA0ww=
github.com/satori/go.uuid v1.2.0/go.mod h1:dA0hQrYB0VpLJoorglMZABFdXlWrHn1NEOzdhQKdks0=
github.com/stretchr/testify v1.2.2 h1:bSDNvY7ZPG5RlJ8otE/7V6gMiyenm9RtJ7IUVIAoJ1w=
github.com/stretchr/testify v1.2.2/go.mod h1:a8OnRcib4nhh0OaRAV+Yts87kKdq0PP7pXfy6kDkUVs=
github.com/tatsushid/go-fastping v0.0.0-20160109021039-d7bb493dee3e h1:nt2877sKfojlHCTOBXbpWjBkuWKritFaGIfgQwbQUls=
github.com/tatsushid/go-fastping v0.0.0-20160109021039-d7bb493dee3e/go.mod h1:B4+Kq1u5FlULTjFSM707Q6e/cOHFv0z/6QRoxubDIQ8=
golang.org/x/net v0.0.0-20181004194319-68fc911561ed/go.mod h1:mL1N/T3taQHkDXs73rZJwtUhF3w3ftmwwsq0BUmARs4=
golang.org/x/net v0.0.0-20181011144130-49bb7cea24b1 h1:Y/KGZSOdz/2r0WJ9Mkmz6NJBusp0kiNx1Cn82lzJQ6w=
golang.org/x/net v0.0.0-20181011144130-49bb7cea24b1/go.mod h1:mL1N/T3taQHkDXs73rZJwtUhF3w3ftmwwsq0BUmARs4=
golang.org/x/net v0.0.0-20181108082009-03003ca0c849 h1:FSqE2GGG7wzsYUsWiQ8MZrvEd1EOyU3NCF0AW3Wtltg=
golang.org/x/net v0.0.0-20181108082009-03003ca0c849/go.mod h1:mL1N/T3taQHkDXs73rZJwtUhF3w3ftmwwsq0BUmARs4=
golang.org/x/sys v0.0.0-20181004145325-8469e314837c/go.mod h1:STP8DvDyc/dI5b8T5hshtkjS+E42TnysNCUPdjciGhY=
golang.org/x/sys v0.0.0-20181011152604-fa43e7bc11ba h1:nZJIJPGow0Kf9bU9QTc1U6OXbs/7Hu4e+cNv+hxH+Zc=
golang.org/x/sys v0.0.0-20181011152604-fa43e7bc11ba/go.mod h1:STP8DvDyc/dI5b8T5hshtkjS+E42TnysNCUPdjciGhY=
golang.org/x/sys v0.0.0-20181107165924-66b7b1311ac8 h1:YoY1wS6JYVRpIfFngRf2HHo9R9dAne3xbkGOQ5rJXjU=
golang.org/x/sys v0.0.0-20181107165924-66b7b1311ac8/go.mod h1:STP8DvDyc/dI5b8T5hshtkjS+E42TnysNCUPdjciGhY=
gopkg.in/check.v1 v0.0.0-20161208181325-20d25e280405 h1:yhCVgyC4o1eVCa2tZl7eS0r+SDo693bJlVdllGtEeKM=
gopkg.in/check.v1 v0.0.0-20161208181325-20d25e280405/go.mod h1:Co6ibVJAznAaIkqp8huTwlJQCZ016jof/cbN4VW5Yz0=
gopkg.in/yaml.v2 v2.2.1 h1:mUhvW9EsL+naU5Q3cakzfE91YhliOondGd6ZrsDBHQE=
gopkg.in/yaml.v2 v2.2.1/go.mod h1:hI93XBmqTisBFMUTm0b8Fm+jr3Dg1NNxqwp+5A1VGuI=
